// !$*UTF8*$!
{
	archiveVersion = 1;
	classes = {
	};
	objectVersion = 55;
	objects = {

/* Begin PBXBuildFile section */
		A040B86127DB3206007EA5AF /* AppDelegate.swift in Sources */ = {isa = PBXBuildFile; fileRef = A040B86027DB3206007EA5AF /* AppDelegate.swift */; };
		A040B86327DB3206007EA5AF /* SceneDelegate.swift in Sources */ = {isa = PBXBuildFile; fileRef = A040B86227DB3206007EA5AF /* SceneDelegate.swift */; };
		A040B86527DB3206007EA5AF /* ViewController.swift in Sources */ = {isa = PBXBuildFile; fileRef = A040B86427DB3206007EA5AF /* ViewController.swift */; };
		A040B86A27DB3208007EA5AF /* Assets.xcassets in Resources */ = {isa = PBXBuildFile; fileRef = A040B86927DB3208007EA5AF /* Assets.xcassets */; };
		A040B86D27DB3208007EA5AF /* LaunchScreen.storyboard in Resources */ = {isa = PBXBuildFile; fileRef = A040B86B27DB3208007EA5AF /* LaunchScreen.storyboard */; };
		A040B87A27DB329C007EA5AF /* HomeViewController.swift in Sources */ = {isa = PBXBuildFile; fileRef = A040B87927DB329C007EA5AF /* HomeViewController.swift */; };
		A040B87E27DB33F7007EA5AF /* Apollo in Frameworks */ = {isa = PBXBuildFile; productRef = A040B87D27DB33F7007EA5AF /* Apollo */; };
		A040B88227DB3891007EA5AF /* SnapKit in Frameworks */ = {isa = PBXBuildFile; productRef = A040B88127DB3891007EA5AF /* SnapKit */; };
		A040B88627DB4883007EA5AF /* RickMorty.graphql in Resources */ = {isa = PBXBuildFile; fileRef = A040B88527DB4883007EA5AF /* RickMorty.graphql */; };
		A040B88A27DB4962007EA5AF /* API.swift in Sources */ = {isa = PBXBuildFile; fileRef = A040B88827DB4962007EA5AF /* API.swift */; };
		A040B88B27DB4962007EA5AF /* schema.json in Resources */ = {isa = PBXBuildFile; fileRef = A040B88927DB4962007EA5AF /* schema.json */; };
		A040B88D27DB4986007EA5AF /* Network.swift in Sources */ = {isa = PBXBuildFile; fileRef = A040B88C27DB4986007EA5AF /* Network.swift */; };
		A040B88F27DB4B8F007EA5AF /* HomeViewModel.swift in Sources */ = {isa = PBXBuildFile; fileRef = A040B88E27DB4B8F007EA5AF /* HomeViewModel.swift */; };
		A040B89127DB4C10007EA5AF /* RickAndMortyModel.swift in Sources */ = {isa = PBXBuildFile; fileRef = A040B89027DB4C10007EA5AF /* RickAndMortyModel.swift */; };
		A040B89427DB5D0A007EA5AF /* HomeTableViewCell.swift in Sources */ = {isa = PBXBuildFile; fileRef = A040B89327DB5D0A007EA5AF /* HomeTableViewCell.swift */; };
		A040B89727DB6183007EA5AF /* AlamofireImage in Frameworks */ = {isa = PBXBuildFile; productRef = A040B89627DB6183007EA5AF /* AlamofireImage */; };
		A040B89F27DB8276007EA5AF /* FilterAlertView.swift in Sources */ = {isa = PBXBuildFile; fileRef = A040B89E27DB8276007EA5AF /* FilterAlertView.swift */; };
		A07A933527DC7E1200C63A7A /* ImageEnum.swift in Sources */ = {isa = PBXBuildFile; fileRef = A07A933427DC7E1200C63A7A /* ImageEnum.swift */; };
		A07A934A27DCBB7D00C63A7A /* digieggs_assessmentUITests.swift in Sources */ = {isa = PBXBuildFile; fileRef = A07A934927DCBB7D00C63A7A /* digieggs_assessmentUITests.swift */; };
		A07A934C27DCBB7D00C63A7A /* digieggs_assessmentUITestsLaunchTests.swift in Sources */ = {isa = PBXBuildFile; fileRef = A07A934B27DCBB7D00C63A7A /* digieggs_assessmentUITestsLaunchTests.swift */; };
		A07A935927DCC92100C63A7A /* digieggs_assessmentTests.swift in Sources */ = {isa = PBXBuildFile; fileRef = A07A935827DCC92100C63A7A /* digieggs_assessmentTests.swift */; };
/* End PBXBuildFile section */

/* Begin PBXContainerItemProxy section */
		A07A934D27DCBB7D00C63A7A /* PBXContainerItemProxy */ = {
			isa = PBXContainerItemProxy;
			containerPortal = A040B85527DB3206007EA5AF /* Project object */;
			proxyType = 1;
			remoteGlobalIDString = A040B85C27DB3206007EA5AF;
			remoteInfo = "digieggs-assessment";
		};
		A07A935A27DCC92100C63A7A /* PBXContainerItemProxy */ = {
			isa = PBXContainerItemProxy;
			containerPortal = A040B85527DB3206007EA5AF /* Project object */;
			proxyType = 1;
			remoteGlobalIDString = A040B85C27DB3206007EA5AF;
			remoteInfo = "digieggs-assessment";
		};
/* End PBXContainerItemProxy section */

/* Begin PBXFileReference section */
		A040B85D27DB3206007EA5AF /* digieggs-assessment.app */ = {isa = PBXFileReference; explicitFileType = wrapper.application; includeInIndex = 0; path = "digieggs-assessment.app"; sourceTree = BUILT_PRODUCTS_DIR; };
		A040B86027DB3206007EA5AF /* AppDelegate.swift */ = {isa = PBXFileReference; lastKnownFileType = sourcecode.swift; path = AppDelegate.swift; sourceTree = "<group>"; };
		A040B86227DB3206007EA5AF /* SceneDelegate.swift */ = {isa = PBXFileReference; lastKnownFileType = sourcecode.swift; path = SceneDelegate.swift; sourceTree = "<group>"; };
		A040B86427DB3206007EA5AF /* ViewController.swift */ = {isa = PBXFileReference; lastKnownFileType = sourcecode.swift; path = ViewController.swift; sourceTree = "<group>"; };
		A040B86927DB3208007EA5AF /* Assets.xcassets */ = {isa = PBXFileReference; lastKnownFileType = folder.assetcatalog; path = Assets.xcassets; sourceTree = "<group>"; };
		A040B86C27DB3208007EA5AF /* Base */ = {isa = PBXFileReference; lastKnownFileType = file.storyboard; name = Base; path = Base.lproj/LaunchScreen.storyboard; sourceTree = "<group>"; };
		A040B86E27DB3208007EA5AF /* Info.plist */ = {isa = PBXFileReference; lastKnownFileType = text.plist.xml; path = Info.plist; sourceTree = "<group>"; };
		A040B87927DB329C007EA5AF /* HomeViewController.swift */ = {isa = PBXFileReference; lastKnownFileType = sourcecode.swift; path = HomeViewController.swift; sourceTree = "<group>"; };
		A040B88527DB4883007EA5AF /* RickMorty.graphql */ = {isa = PBXFileReference; lastKnownFileType = text; path = RickMorty.graphql; sourceTree = "<group>"; };
		A040B88827DB4962007EA5AF /* API.swift */ = {isa = PBXFileReference; fileEncoding = 4; lastKnownFileType = sourcecode.swift; name = API.swift; path = "digieggs-assessment/API.swift"; sourceTree = SOURCE_ROOT; };
		A040B88927DB4962007EA5AF /* schema.json */ = {isa = PBXFileReference; fileEncoding = 4; lastKnownFileType = text.json; name = schema.json; path = "digieggs-assessment/schema.json"; sourceTree = SOURCE_ROOT; };
		A040B88C27DB4986007EA5AF /* Network.swift */ = {isa = PBXFileReference; lastKnownFileType = sourcecode.swift; path = Network.swift; sourceTree = "<group>"; };
		A040B88E27DB4B8F007EA5AF /* HomeViewModel.swift */ = {isa = PBXFileReference; lastKnownFileType = sourcecode.swift; path = HomeViewModel.swift; sourceTree = "<group>"; };
		A040B89027DB4C10007EA5AF /* RickAndMortyModel.swift */ = {isa = PBXFileReference; lastKnownFileType = sourcecode.swift; path = RickAndMortyModel.swift; sourceTree = "<group>"; };
		A040B89327DB5D0A007EA5AF /* HomeTableViewCell.swift */ = {isa = PBXFileReference; lastKnownFileType = sourcecode.swift; path = HomeTableViewCell.swift; sourceTree = "<group>"; };
		A040B89E27DB8276007EA5AF /* FilterAlertView.swift */ = {isa = PBXFileReference; lastKnownFileType = sourcecode.swift; path = FilterAlertView.swift; sourceTree = "<group>"; };
		A07A933427DC7E1200C63A7A /* ImageEnum.swift */ = {isa = PBXFileReference; lastKnownFileType = sourcecode.swift; path = ImageEnum.swift; sourceTree = "<group>"; };
		A07A934727DCBB7D00C63A7A /* digieggs-assessmentUITests.xctest */ = {isa = PBXFileReference; explicitFileType = wrapper.cfbundle; includeInIndex = 0; path = "digieggs-assessmentUITests.xctest"; sourceTree = BUILT_PRODUCTS_DIR; };
		A07A934927DCBB7D00C63A7A /* digieggs_assessmentUITests.swift */ = {isa = PBXFileReference; lastKnownFileType = sourcecode.swift; path = digieggs_assessmentUITests.swift; sourceTree = "<group>"; };
		A07A934B27DCBB7D00C63A7A /* digieggs_assessmentUITestsLaunchTests.swift */ = {isa = PBXFileReference; lastKnownFileType = sourcecode.swift; path = digieggs_assessmentUITestsLaunchTests.swift; sourceTree = "<group>"; };
		A07A935627DCC92100C63A7A /* digieggs-assessmentTests.xctest */ = {isa = PBXFileReference; explicitFileType = wrapper.cfbundle; includeInIndex = 0; path = "digieggs-assessmentTests.xctest"; sourceTree = BUILT_PRODUCTS_DIR; };
		A07A935827DCC92100C63A7A /* digieggs_assessmentTests.swift */ = {isa = PBXFileReference; lastKnownFileType = sourcecode.swift; path = digieggs_assessmentTests.swift; sourceTree = "<group>"; };
/* End PBXFileReference section */

/* Begin PBXFrameworksBuildPhase section */
		A040B85A27DB3206007EA5AF /* Frameworks */ = {
			isa = PBXFrameworksBuildPhase;
			buildActionMask = 2147483647;
			files = (
				A040B87E27DB33F7007EA5AF /* Apollo in Frameworks */,
				A040B88227DB3891007EA5AF /* SnapKit in Frameworks */,
				A040B89727DB6183007EA5AF /* AlamofireImage in Frameworks */,
			);
			runOnlyForDeploymentPostprocessing = 0;
		};
		A07A934427DCBB7D00C63A7A /* Frameworks */ = {
			isa = PBXFrameworksBuildPhase;
			buildActionMask = 2147483647;
			files = (
			);
			runOnlyForDeploymentPostprocessing = 0;
		};
		A07A935327DCC92100C63A7A /* Frameworks */ = {
			isa = PBXFrameworksBuildPhase;
			buildActionMask = 2147483647;
			files = (
			);
			runOnlyForDeploymentPostprocessing = 0;
		};
/* End PBXFrameworksBuildPhase section */

/* Begin PBXGroup section */
		A040B85427DB3206007EA5AF = {
			isa = PBXGroup;
			children = (
				A040B85F27DB3206007EA5AF /* digieggs-assessment */,
				A07A934827DCBB7D00C63A7A /* digieggs-assessmentUITests */,
				A07A935727DCC92100C63A7A /* digieggs-assessmentTests */,
				A040B85E27DB3206007EA5AF /* Products */,
				A040B88027DB3891007EA5AF /* Frameworks */,
			);
			sourceTree = "<group>";
		};
		A040B85E27DB3206007EA5AF /* Products */ = {
			isa = PBXGroup;
			children = (
				A040B85D27DB3206007EA5AF /* digieggs-assessment.app */,
				A07A934727DCBB7D00C63A7A /* digieggs-assessmentUITests.xctest */,
				A07A935627DCC92100C63A7A /* digieggs-assessmentTests.xctest */,
			);
			name = Products;
			sourceTree = "<group>";
		};
		A040B85F27DB3206007EA5AF /* digieggs-assessment */ = {
			isa = PBXGroup;
			children = (
				A040B87B27DB32CD007EA5AF /* Graphql */,
				A040B87827DB3236007EA5AF /* Service */,
				A040B87727DB322F007EA5AF /* ModelView */,
				A040B87627DB3229007EA5AF /* View */,
				A040B87527DB3221007EA5AF /* Model */,
				A040B87427DB3216007EA5AF /* Core */,
				A040B86B27DB3208007EA5AF /* LaunchScreen.storyboard */,
				A040B86E27DB3208007EA5AF /* Info.plist */,
			);
			path = "digieggs-assessment";
			sourceTree = "<group>";
		};
		A040B87427DB3216007EA5AF /* Core */ = {
			isa = PBXGroup;
			children = (
				A040B86927DB3208007EA5AF /* Assets.xcassets */,
				A040B86027DB3206007EA5AF /* AppDelegate.swift */,
				A040B86227DB3206007EA5AF /* SceneDelegate.swift */,
				A040B86427DB3206007EA5AF /* ViewController.swift */,
			);
			path = Core;
			sourceTree = "<group>";
		};
		A040B87527DB3221007EA5AF /* Model */ = {
			isa = PBXGroup;
			children = (
				A040B89027DB4C10007EA5AF /* RickAndMortyModel.swift */,
				A07A933427DC7E1200C63A7A /* ImageEnum.swift */,
			);
			path = Model;
			sourceTree = "<group>";
		};
		A040B87627DB3229007EA5AF /* View */ = {
			isa = PBXGroup;
			children = (
				A040B89B27DB8234007EA5AF /* Components */,
				A040B89227DB5CD5007EA5AF /* TableViewCell */,
				A040B87927DB329C007EA5AF /* HomeViewController.swift */,
			);
			path = View;
			sourceTree = "<group>";
		};
		A040B87727DB322F007EA5AF /* ModelView */ = {
			isa = PBXGroup;
			children = (
				A040B88E27DB4B8F007EA5AF /* HomeViewModel.swift */,
			);
			path = ModelView;
			sourceTree = "<group>";
		};
		A040B87827DB3236007EA5AF /* Service */ = {
			isa = PBXGroup;
			children = (
				A040B88C27DB4986007EA5AF /* Network.swift */,
			);
			path = Service;
			sourceTree = "<group>";
		};
		A040B87B27DB32CD007EA5AF /* Graphql */ = {
			isa = PBXGroup;
			children = (
				A040B88827DB4962007EA5AF /* API.swift */,
				A040B88927DB4962007EA5AF /* schema.json */,
				A040B88527DB4883007EA5AF /* RickMorty.graphql */,
			);
			path = Graphql;
			sourceTree = "<group>";
		};
		A040B88027DB3891007EA5AF /* Frameworks */ = {
			isa = PBXGroup;
			children = (
			);
			name = Frameworks;
			sourceTree = "<group>";
		};
		A040B89227DB5CD5007EA5AF /* TableViewCell */ = {
			isa = PBXGroup;
			children = (
				A040B89327DB5D0A007EA5AF /* HomeTableViewCell.swift */,
			);
			path = TableViewCell;
			sourceTree = "<group>";
		};
		A040B89B27DB8234007EA5AF /* Components */ = {
			isa = PBXGroup;
			children = (
				A040B89E27DB8276007EA5AF /* FilterAlertView.swift */,
			);
			path = Components;
			sourceTree = "<group>";
		};
		A07A934827DCBB7D00C63A7A /* digieggs-assessmentUITests */ = {
			isa = PBXGroup;
			children = (
				A07A934927DCBB7D00C63A7A /* digieggs_assessmentUITests.swift */,
				A07A934B27DCBB7D00C63A7A /* digieggs_assessmentUITestsLaunchTests.swift */,
			);
			path = "digieggs-assessmentUITests";
			sourceTree = "<group>";
		};
		A07A935727DCC92100C63A7A /* digieggs-assessmentTests */ = {
			isa = PBXGroup;
			children = (
				A07A935827DCC92100C63A7A /* digieggs_assessmentTests.swift */,
			);
			path = "digieggs-assessmentTests";
			sourceTree = "<group>";
		};
/* End PBXGroup section */

/* Begin PBXNativeTarget section */
		A040B85C27DB3206007EA5AF /* digieggs-assessment */ = {
			isa = PBXNativeTarget;
			buildConfigurationList = A040B87127DB3208007EA5AF /* Build configuration list for PBXNativeTarget "digieggs-assessment" */;
			buildPhases = (
				A040B88727DB48AE007EA5AF /* Apollo */,
				A040B85927DB3206007EA5AF /* Sources */,
				A040B85A27DB3206007EA5AF /* Frameworks */,
				A040B85B27DB3206007EA5AF /* Resources */,
			);
			buildRules = (
			);
			dependencies = (
			);
			name = "digieggs-assessment";
			packageProductDependencies = (
				A040B87D27DB33F7007EA5AF /* Apollo */,
				A040B88127DB3891007EA5AF /* SnapKit */,
				A040B89627DB6183007EA5AF /* AlamofireImage */,
			);
			productName = "digieggs-assessment";
			productReference = A040B85D27DB3206007EA5AF /* digieggs-assessment.app */;
			productType = "com.apple.product-type.application";
		};
		A07A934627DCBB7D00C63A7A /* digieggs-assessmentUITests */ = {
			isa = PBXNativeTarget;
			buildConfigurationList = A07A935127DCBB7D00C63A7A /* Build configuration list for PBXNativeTarget "digieggs-assessmentUITests" */;
			buildPhases = (
				A07A934327DCBB7D00C63A7A /* Sources */,
				A07A934427DCBB7D00C63A7A /* Frameworks */,
				A07A934527DCBB7D00C63A7A /* Resources */,
			);
			buildRules = (
			);
			dependencies = (
				A07A934E27DCBB7D00C63A7A /* PBXTargetDependency */,
			);
			name = "digieggs-assessmentUITests";
			productName = "digieggs-assessmentUITests";
			productReference = A07A934727DCBB7D00C63A7A /* digieggs-assessmentUITests.xctest */;
			productType = "com.apple.product-type.bundle.ui-testing";
		};
		A07A935527DCC92100C63A7A /* digieggs-assessmentTests */ = {
			isa = PBXNativeTarget;
			buildConfigurationList = A07A935C27DCC92100C63A7A /* Build configuration list for PBXNativeTarget "digieggs-assessmentTests" */;
			buildPhases = (
				A07A935227DCC92100C63A7A /* Sources */,
				A07A935327DCC92100C63A7A /* Frameworks */,
				A07A935427DCC92100C63A7A /* Resources */,
			);
			buildRules = (
			);
			dependencies = (
				A07A935B27DCC92100C63A7A /* PBXTargetDependency */,
			);
			name = "digieggs-assessmentTests";
			productName = "digieggs-assessmentTests";
			productReference = A07A935627DCC92100C63A7A /* digieggs-assessmentTests.xctest */;
			productType = "com.apple.product-type.bundle.unit-test";
		};
/* End PBXNativeTarget section */

/* Begin PBXProject section */
		A040B85527DB3206007EA5AF /* Project object */ = {
			isa = PBXProject;
			attributes = {
				BuildIndependentTargetsInParallel = 1;
				LastSwiftUpdateCheck = 1320;
				LastUpgradeCheck = 1320;
				TargetAttributes = {
					A040B85C27DB3206007EA5AF = {
						CreatedOnToolsVersion = 13.2.1;
					};
					A07A934627DCBB7D00C63A7A = {
						CreatedOnToolsVersion = 13.2.1;
						TestTargetID = A040B85C27DB3206007EA5AF;
					};
					A07A935527DCC92100C63A7A = {
						CreatedOnToolsVersion = 13.2.1;
						TestTargetID = A040B85C27DB3206007EA5AF;
					};
				};
			};
			buildConfigurationList = A040B85827DB3206007EA5AF /* Build configuration list for PBXProject "digieggs-assessment" */;
			compatibilityVersion = "Xcode 13.0";
			developmentRegion = en;
			hasScannedForEncodings = 0;
			knownRegions = (
				en,
				Base,
			);
			mainGroup = A040B85427DB3206007EA5AF;
			packageReferences = (
				A040B87C27DB33F7007EA5AF /* XCRemoteSwiftPackageReference "apollo-ios" */,
				A040B87F27DB340A007EA5AF /* XCRemoteSwiftPackageReference "SnapKit" */,
				A040B89527DB6183007EA5AF /* XCRemoteSwiftPackageReference "AlamofireImage" */,
			);
			productRefGroup = A040B85E27DB3206007EA5AF /* Products */;
			projectDirPath = "";
			projectRoot = "";
			targets = (
				A040B85C27DB3206007EA5AF /* digieggs-assessment */,
				A07A934627DCBB7D00C63A7A /* digieggs-assessmentUITests */,
				A07A935527DCC92100C63A7A /* digieggs-assessmentTests */,
			);
		};
/* End PBXProject section */

/* Begin PBXResourcesBuildPhase section */
		A040B85B27DB3206007EA5AF /* Resources */ = {
			isa = PBXResourcesBuildPhase;
			buildActionMask = 2147483647;
			files = (
				A040B88B27DB4962007EA5AF /* schema.json in Resources */,
				A040B86D27DB3208007EA5AF /* LaunchScreen.storyboard in Resources */,
				A040B88627DB4883007EA5AF /* RickMorty.graphql in Resources */,
				A040B86A27DB3208007EA5AF /* Assets.xcassets in Resources */,
			);
			runOnlyForDeploymentPostprocessing = 0;
		};
		A07A934527DCBB7D00C63A7A /* Resources */ = {
			isa = PBXResourcesBuildPhase;
			buildActionMask = 2147483647;
			files = (
			);
			runOnlyForDeploymentPostprocessing = 0;
		};
		A07A935427DCC92100C63A7A /* Resources */ = {
			isa = PBXResourcesBuildPhase;
			buildActionMask = 2147483647;
			files = (
			);
			runOnlyForDeploymentPostprocessing = 0;
		};
/* End PBXResourcesBuildPhase section */

/* Begin PBXShellScriptBuildPhase section */
		A040B88727DB48AE007EA5AF /* Apollo */ = {
			isa = PBXShellScriptBuildPhase;
			buildActionMask = 2147483647;
			files = (
			);
			inputFileListPaths = (
			);
			inputPaths = (
			);
			name = Apollo;
			outputFileListPaths = (
			);
			outputPaths = (
			);
			runOnlyForDeploymentPostprocessing = 0;
			shellPath = /bin/sh;
			shellScript = "# Type a script or drag a script file from your workspace to insert its path.\n# Don't run this during index builds\nif [ $ACTION = \"indexbuild\" ]; then exit 0; fi\n\n# Go to the build root and search up the chain to find the Derived Data Path where the source packages are checked out.\nDERIVED_DATA_CANDIDATE=\"${BUILD_ROOT}\"\n\nwhile ! [ -d \"${DERIVED_DATA_CANDIDATE}/SourcePackages\" ]; do\n  if [ \"${DERIVED_DATA_CANDIDATE}\" = / ]; then\n    echo >&2 \"error: Unable to locate SourcePackages directory from BUILD_ROOT: '${BUILD_ROOT}'\"\n    exit 1\n  fi\n\n  DERIVED_DATA_CANDIDATE=\"$(dirname \"${DERIVED_DATA_CANDIDATE}\")\"\ndone\n\n# Grab a reference to the directory where scripts are checked out\nSCRIPT_PATH=\"${DERIVED_DATA_CANDIDATE}/SourcePackages/checkouts/apollo-ios/scripts\"\n\nif [ -z \"${SCRIPT_PATH}\" ]; then\n    echo >&2 \"error: Couldn't find the CLI script in your checked out SPM packages; make sure to add the framework to your project.\"\n    exit 1\nfi\n\ncd \"${SRCROOT}/${TARGET_NAME}\"\n\"${SCRIPT_PATH}\"/run-bundled-codegen.sh codegen:generate --target=swift --includes=./**/*.graphql --localSchemaFile=\"schema.json\" API.swift\n";
		};
/* End PBXShellScriptBuildPhase section */

/* Begin PBXSourcesBuildPhase section */
		A040B85927DB3206007EA5AF /* Sources */ = {
			isa = PBXSourcesBuildPhase;
			buildActionMask = 2147483647;
			files = (
				A07A933527DC7E1200C63A7A /* ImageEnum.swift in Sources */,
				A040B86527DB3206007EA5AF /* ViewController.swift in Sources */,
				A040B86127DB3206007EA5AF /* AppDelegate.swift in Sources */,
				A040B89127DB4C10007EA5AF /* RickAndMortyModel.swift in Sources */,
				A040B88D27DB4986007EA5AF /* Network.swift in Sources */,
				A040B86327DB3206007EA5AF /* SceneDelegate.swift in Sources */,
				A040B87A27DB329C007EA5AF /* HomeViewController.swift in Sources */,
				A040B89427DB5D0A007EA5AF /* HomeTableViewCell.swift in Sources */,
				A040B89F27DB8276007EA5AF /* FilterAlertView.swift in Sources */,
				A040B88F27DB4B8F007EA5AF /* HomeViewModel.swift in Sources */,
				A040B88A27DB4962007EA5AF /* API.swift in Sources */,
			);
			runOnlyForDeploymentPostprocessing = 0;
		};
		A07A934327DCBB7D00C63A7A /* Sources */ = {
			isa = PBXSourcesBuildPhase;
			buildActionMask = 2147483647;
			files = (
				A07A934A27DCBB7D00C63A7A /* digieggs_assessmentUITests.swift in Sources */,
				A07A934C27DCBB7D00C63A7A /* digieggs_assessmentUITestsLaunchTests.swift in Sources */,
			);
			runOnlyForDeploymentPostprocessing = 0;
		};
		A07A935227DCC92100C63A7A /* Sources */ = {
			isa = PBXSourcesBuildPhase;
			buildActionMask = 2147483647;
			files = (
				A07A935927DCC92100C63A7A /* digieggs_assessmentTests.swift in Sources */,
			);
			runOnlyForDeploymentPostprocessing = 0;
		};
/* End PBXSourcesBuildPhase section */

/* Begin PBXTargetDependency section */
		A07A934E27DCBB7D00C63A7A /* PBXTargetDependency */ = {
			isa = PBXTargetDependency;
			target = A040B85C27DB3206007EA5AF /* digieggs-assessment */;
			targetProxy = A07A934D27DCBB7D00C63A7A /* PBXContainerItemProxy */;
		};
		A07A935B27DCC92100C63A7A /* PBXTargetDependency */ = {
			isa = PBXTargetDependency;
			target = A040B85C27DB3206007EA5AF /* digieggs-assessment */;
			targetProxy = A07A935A27DCC92100C63A7A /* PBXContainerItemProxy */;
		};
/* End PBXTargetDependency section */

/* Begin PBXVariantGroup section */
		A040B86B27DB3208007EA5AF /* LaunchScreen.storyboard */ = {
			isa = PBXVariantGroup;
			children = (
				A040B86C27DB3208007EA5AF /* Base */,
			);
			name = LaunchScreen.storyboard;
			sourceTree = "<group>";
		};
/* End PBXVariantGroup section */

/* Begin XCBuildConfiguration section */
		A040B86F27DB3208007EA5AF /* Debug */ = {
			isa = XCBuildConfiguration;
			buildSettings = {
				ALWAYS_SEARCH_USER_PATHS = NO;
				CLANG_ANALYZER_NONNULL = YES;
				CLANG_ANALYZER_NUMBER_OBJECT_CONVERSION = YES_AGGRESSIVE;
				CLANG_CXX_LANGUAGE_STANDARD = "gnu++17";
				CLANG_CXX_LIBRARY = "libc++";
				CLANG_ENABLE_MODULES = YES;
				CLANG_ENABLE_OBJC_ARC = YES;
				CLANG_ENABLE_OBJC_WEAK = YES;
				CLANG_WARN_BLOCK_CAPTURE_AUTORELEASING = YES;
				CLANG_WARN_BOOL_CONVERSION = YES;
				CLANG_WARN_COMMA = YES;
				CLANG_WARN_CONSTANT_CONVERSION = YES;
				CLANG_WARN_DEPRECATED_OBJC_IMPLEMENTATIONS = YES;
				CLANG_WARN_DIRECT_OBJC_ISA_USAGE = YES_ERROR;
				CLANG_WARN_DOCUMENTATION_COMMENTS = YES;
				CLANG_WARN_EMPTY_BODY = YES;
				CLANG_WARN_ENUM_CONVERSION = YES;
				CLANG_WARN_INFINITE_RECURSION = YES;
				CLANG_WARN_INT_CONVERSION = YES;
				CLANG_WARN_NON_LITERAL_NULL_CONVERSION = YES;
				CLANG_WARN_OBJC_IMPLICIT_RETAIN_SELF = YES;
				CLANG_WARN_OBJC_LITERAL_CONVERSION = YES;
				CLANG_WARN_OBJC_ROOT_CLASS = YES_ERROR;
				CLANG_WARN_QUOTED_INCLUDE_IN_FRAMEWORK_HEADER = YES;
				CLANG_WARN_RANGE_LOOP_ANALYSIS = YES;
				CLANG_WARN_STRICT_PROTOTYPES = YES;
				CLANG_WARN_SUSPICIOUS_MOVE = YES;
				CLANG_WARN_UNGUARDED_AVAILABILITY = YES_AGGRESSIVE;
				CLANG_WARN_UNREACHABLE_CODE = YES;
				CLANG_WARN__DUPLICATE_METHOD_MATCH = YES;
				COPY_PHASE_STRIP = NO;
				DEBUG_INFORMATION_FORMAT = dwarf;
				ENABLE_STRICT_OBJC_MSGSEND = YES;
				ENABLE_TESTABILITY = YES;
				GCC_C_LANGUAGE_STANDARD = gnu11;
				GCC_DYNAMIC_NO_PIC = NO;
				GCC_NO_COMMON_BLOCKS = YES;
				GCC_OPTIMIZATION_LEVEL = 0;
				GCC_PREPROCESSOR_DEFINITIONS = (
					"DEBUG=1",
					"$(inherited)",
				);
				GCC_WARN_64_TO_32_BIT_CONVERSION = YES;
				GCC_WARN_ABOUT_RETURN_TYPE = YES_ERROR;
				GCC_WARN_UNDECLARED_SELECTOR = YES;
				GCC_WARN_UNINITIALIZED_AUTOS = YES_AGGRESSIVE;
				GCC_WARN_UNUSED_FUNCTION = YES;
				GCC_WARN_UNUSED_VARIABLE = YES;
				IPHONEOS_DEPLOYMENT_TARGET = 15.2;
				MTL_ENABLE_DEBUG_INFO = INCLUDE_SOURCE;
				MTL_FAST_MATH = YES;
				ONLY_ACTIVE_ARCH = YES;
				SDKROOT = iphoneos;
				SWIFT_ACTIVE_COMPILATION_CONDITIONS = DEBUG;
				SWIFT_OPTIMIZATION_LEVEL = "-Onone";
			};
			name = Debug;
		};
		A040B87027DB3208007EA5AF /* Release */ = {
			isa = XCBuildConfiguration;
			buildSettings = {
				ALWAYS_SEARCH_USER_PATHS = NO;
				CLANG_ANALYZER_NONNULL = YES;
				CLANG_ANALYZER_NUMBER_OBJECT_CONVERSION = YES_AGGRESSIVE;
				CLANG_CXX_LANGUAGE_STANDARD = "gnu++17";
				CLANG_CXX_LIBRARY = "libc++";
				CLANG_ENABLE_MODULES = YES;
				CLANG_ENABLE_OBJC_ARC = YES;
				CLANG_ENABLE_OBJC_WEAK = YES;
				CLANG_WARN_BLOCK_CAPTURE_AUTORELEASING = YES;
				CLANG_WARN_BOOL_CONVERSION = YES;
				CLANG_WARN_COMMA = YES;
				CLANG_WARN_CONSTANT_CONVERSION = YES;
				CLANG_WARN_DEPRECATED_OBJC_IMPLEMENTATIONS = YES;
				CLANG_WARN_DIRECT_OBJC_ISA_USAGE = YES_ERROR;
				CLANG_WARN_DOCUMENTATION_COMMENTS = YES;
				CLANG_WARN_EMPTY_BODY = YES;
				CLANG_WARN_ENUM_CONVERSION = YES;
				CLANG_WARN_INFINITE_RECURSION = YES;
				CLANG_WARN_INT_CONVERSION = YES;
				CLANG_WARN_NON_LITERAL_NULL_CONVERSION = YES;
				CLANG_WARN_OBJC_IMPLICIT_RETAIN_SELF = YES;
				CLANG_WARN_OBJC_LITERAL_CONVERSION = YES;
				CLANG_WARN_OBJC_ROOT_CLASS = YES_ERROR;
				CLANG_WARN_QUOTED_INCLUDE_IN_FRAMEWORK_HEADER = YES;
				CLANG_WARN_RANGE_LOOP_ANALYSIS = YES;
				CLANG_WARN_STRICT_PROTOTYPES = YES;
				CLANG_WARN_SUSPICIOUS_MOVE = YES;
				CLANG_WARN_UNGUARDED_AVAILABILITY = YES_AGGRESSIVE;
				CLANG_WARN_UNREACHABLE_CODE = YES;
				CLANG_WARN__DUPLICATE_METHOD_MATCH = YES;
				COPY_PHASE_STRIP = NO;
				DEBUG_INFORMATION_FORMAT = "dwarf-with-dsym";
				ENABLE_NS_ASSERTIONS = NO;
				ENABLE_STRICT_OBJC_MSGSEND = YES;
				GCC_C_LANGUAGE_STANDARD = gnu11;
				GCC_NO_COMMON_BLOCKS = YES;
				GCC_WARN_64_TO_32_BIT_CONVERSION = YES;
				GCC_WARN_ABOUT_RETURN_TYPE = YES_ERROR;
				GCC_WARN_UNDECLARED_SELECTOR = YES;
				GCC_WARN_UNINITIALIZED_AUTOS = YES_AGGRESSIVE;
				GCC_WARN_UNUSED_FUNCTION = YES;
				GCC_WARN_UNUSED_VARIABLE = YES;
				IPHONEOS_DEPLOYMENT_TARGET = 15.2;
				MTL_ENABLE_DEBUG_INFO = NO;
				MTL_FAST_MATH = YES;
				SDKROOT = iphoneos;
				SWIFT_COMPILATION_MODE = wholemodule;
				SWIFT_OPTIMIZATION_LEVEL = "-O";
				VALIDATE_PRODUCT = YES;
			};
			name = Release;
		};
		A040B87227DB3208007EA5AF /* Debug */ = {
			isa = XCBuildConfiguration;
			buildSettings = {
				ASSETCATALOG_COMPILER_APPICON_NAME = AppIcon;
				ASSETCATALOG_COMPILER_GLOBAL_ACCENT_COLOR_NAME = AccentColor;
				CODE_SIGN_STYLE = Automatic;
				CURRENT_PROJECT_VERSION = 1;
				DEVELOPMENT_TEAM = Y8Y4UY7S2Y;
				GENERATE_INFOPLIST_FILE = YES;
				INFOPLIST_FILE = "digieggs-assessment/Info.plist";
				INFOPLIST_KEY_CFBundleDisplayName = "Rick And Morty";
				INFOPLIST_KEY_UIApplicationSupportsIndirectInputEvents = YES;
				INFOPLIST_KEY_UILaunchStoryboardName = LaunchScreen;
				INFOPLIST_KEY_UISupportedInterfaceOrientations = UIInterfaceOrientationPortrait;
				INFOPLIST_KEY_UISupportedInterfaceOrientations_iPad = "UIInterfaceOrientationPortrait UIInterfaceOrientationPortraitUpsideDown UIInterfaceOrientationLandscapeLeft UIInterfaceOrientationLandscapeRight";
				INFOPLIST_KEY_UISupportedInterfaceOrientations_iPhone = "UIInterfaceOrientationPortrait UIInterfaceOrientationLandscapeLeft UIInterfaceOrientationLandscapeRight";
				LD_RUNPATH_SEARCH_PATHS = (
					"$(inherited)",
					"@executable_path/Frameworks",
				);
				MARKETING_VERSION = 1.0;
				PRODUCT_BUNDLE_IDENTIFIER = "com.levent.digieggs-assessment";
				PRODUCT_NAME = "$(TARGET_NAME)";
				SWIFT_EMIT_LOC_STRINGS = YES;
				SWIFT_VERSION = 5.0;
				TARGETED_DEVICE_FAMILY = 1;
			};
			name = Debug;
		};
		A040B87327DB3208007EA5AF /* Release */ = {
			isa = XCBuildConfiguration;
			buildSettings = {
				ASSETCATALOG_COMPILER_APPICON_NAME = AppIcon;
				ASSETCATALOG_COMPILER_GLOBAL_ACCENT_COLOR_NAME = AccentColor;
				CODE_SIGN_STYLE = Automatic;
				CURRENT_PROJECT_VERSION = 1;
				DEVELOPMENT_TEAM = Y8Y4UY7S2Y;
				GENERATE_INFOPLIST_FILE = YES;
				INFOPLIST_FILE = "digieggs-assessment/Info.plist";
				INFOPLIST_KEY_CFBundleDisplayName = "Rick And Morty";
				INFOPLIST_KEY_UIApplicationSupportsIndirectInputEvents = YES;
				INFOPLIST_KEY_UILaunchStoryboardName = LaunchScreen;
				INFOPLIST_KEY_UISupportedInterfaceOrientations = UIInterfaceOrientationPortrait;
				INFOPLIST_KEY_UISupportedInterfaceOrientations_iPad = "UIInterfaceOrientationPortrait UIInterfaceOrientationPortraitUpsideDown UIInterfaceOrientationLandscapeLeft UIInterfaceOrientationLandscapeRight";
				INFOPLIST_KEY_UISupportedInterfaceOrientations_iPhone = "UIInterfaceOrientationPortrait UIInterfaceOrientationLandscapeLeft UIInterfaceOrientationLandscapeRight";
				LD_RUNPATH_SEARCH_PATHS = (
					"$(inherited)",
					"@executable_path/Frameworks",
				);
				MARKETING_VERSION = 1.0;
				PRODUCT_BUNDLE_IDENTIFIER = "com.levent.digieggs-assessment";
				PRODUCT_NAME = "$(TARGET_NAME)";
				SWIFT_EMIT_LOC_STRINGS = YES;
				SWIFT_VERSION = 5.0;
				TARGETED_DEVICE_FAMILY = 1;
			};
			name = Release;
		};
		A07A934F27DCBB7D00C63A7A /* Debug */ = {
			isa = XCBuildConfiguration;
			buildSettings = {
				CODE_SIGN_STYLE = Automatic;
				CURRENT_PROJECT_VERSION = 1;
				DEVELOPMENT_TEAM = Y8Y4UY7S2Y;
				GENERATE_INFOPLIST_FILE = YES;
				MARKETING_VERSION = 1.0;
				PRODUCT_BUNDLE_IDENTIFIER = "com.levent.digieggs-assessmentUITests";
				PRODUCT_NAME = "$(TARGET_NAME)";
				SWIFT_EMIT_LOC_STRINGS = NO;
				SWIFT_VERSION = 5.0;
				TARGETED_DEVICE_FAMILY = "1,2";
				TEST_TARGET_NAME = "digieggs-assessment";
			};
			name = Debug;
		};
		A07A935027DCBB7D00C63A7A /* Release */ = {
			isa = XCBuildConfiguration;
			buildSettings = {
				CODE_SIGN_STYLE = Automatic;
				CURRENT_PROJECT_VERSION = 1;
				DEVELOPMENT_TEAM = Y8Y4UY7S2Y;
				GENERATE_INFOPLIST_FILE = YES;
				MARKETING_VERSION = 1.0;
				PRODUCT_BUNDLE_IDENTIFIER = "com.levent.digieggs-assessmentUITests";
				PRODUCT_NAME = "$(TARGET_NAME)";
				SWIFT_EMIT_LOC_STRINGS = NO;
				SWIFT_VERSION = 5.0;
				TARGETED_DEVICE_FAMILY = "1,2";
				TEST_TARGET_NAME = "digieggs-assessment";
			};
			name = Release;
		};
		A07A935D27DCC92100C63A7A /* Debug */ = {
			isa = XCBuildConfiguration;
			buildSettings = {
				BUNDLE_LOADER = "$(TEST_HOST)";
				CODE_SIGN_STYLE = Automatic;
				CURRENT_PROJECT_VERSION = 1;
				DEVELOPMENT_TEAM = Y8Y4UY7S2Y;
				GENERATE_INFOPLIST_FILE = YES;
				MARKETING_VERSION = 1.0;
				PRODUCT_BUNDLE_IDENTIFIER = "com.levent.digieggs-assessmentTests";
				PRODUCT_NAME = "$(TARGET_NAME)";
				SWIFT_EMIT_LOC_STRINGS = NO;
				SWIFT_VERSION = 5.0;
				TARGETED_DEVICE_FAMILY = "1,2";
				TEST_HOST = "$(BUILT_PRODUCTS_DIR)/digieggs-assessment.app/digieggs-assessment";
			};
			name = Debug;
		};
		A07A935E27DCC92100C63A7A /* Release */ = {
			isa = XCBuildConfiguration;
			buildSettings = {
				BUNDLE_LOADER = "$(TEST_HOST)";
				CODE_SIGN_STYLE = Automatic;
				CURRENT_PROJECT_VERSION = 1;
				DEVELOPMENT_TEAM = Y8Y4UY7S2Y;
				GENERATE_INFOPLIST_FILE = YES;
				MARKETING_VERSION = 1.0;
				PRODUCT_BUNDLE_IDENTIFIER = "com.levent.digieggs-assessmentTests";
				PRODUCT_NAME = "$(TARGET_NAME)";
				SWIFT_EMIT_LOC_STRINGS = NO;
				SWIFT_VERSION = 5.0;
				TARGETED_DEVICE_FAMILY = "1,2";
				TEST_HOST = "$(BUILT_PRODUCTS_DIR)/digieggs-assessment.app/digieggs-assessment";
			};
			name = Release;
		};
/* End XCBuildConfiguration section */

/* Begin XCConfigurationList section */
		A040B85827DB3206007EA5AF /* Build configuration list for PBXProject "digieggs-assessment" */ = {
			isa = XCConfigurationList;
			buildConfigurations = (
				A040B86F27DB3208007EA5AF /* Debug */,
				A040B87027DB3208007EA5AF /* Release */,
			);
			defaultConfigurationIsVisible = 0;
			defaultConfigurationName = Release;
		};
		A040B87127DB3208007EA5AF /* Build configuration list for PBXNativeTarget "digieggs-assessment" */ = {
			isa = XCConfigurationList;
			buildConfigurations = (
				A040B87227DB3208007EA5AF /* Debug */,
				A040B87327DB3208007EA5AF /* Release */,
			);
			defaultConfigurationIsVisible = 0;
			defaultConfigurationName = Release;
		};
		A07A935127DCBB7D00C63A7A /* Build configuration list for PBXNativeTarget "digieggs-assessmentUITests" */ = {
			isa = XCConfigurationList;
			buildConfigurations = (
				A07A934F27DCBB7D00C63A7A /* Debug */,
				A07A935027DCBB7D00C63A7A /* Release */,
			);
			defaultConfigurationIsVisible = 0;
			defaultConfigurationName = Release;
		};
		A07A935C27DCC92100C63A7A /* Build configuration list for PBXNativeTarget "digieggs-assessmentTests" */ = {
			isa = XCConfigurationList;
			buildConfigurations = (
				A07A935D27DCC92100C63A7A /* Debug */,
				A07A935E27DCC92100C63A7A /* Release */,
			);
			defaultConfigurationIsVisible = 0;
			defaultConfigurationName = Release;
		};
/* End XCConfigurationList section */

/* Begin XCRemoteSwiftPackageReference section */
		A040B87C27DB33F7007EA5AF /* XCRemoteSwiftPackageReference "apollo-ios" */ = {
			isa = XCRemoteSwiftPackageReference;
			repositoryURL = "https://github.com/apollographql/apollo-ios.git";
			requirement = {
				branch = main;
				kind = branch;
			};
		};
		A040B87F27DB340A007EA5AF /* XCRemoteSwiftPackageReference "SnapKit" */ = {
			isa = XCRemoteSwiftPackageReference;
			repositoryURL = "https://github.com/SnapKit/SnapKit.git";
			requirement = {
				branch = develop;
				kind = branch;
			};
		};
		A040B89527DB6183007EA5AF /* XCRemoteSwiftPackageReference "AlamofireImage" */ = {
			isa = XCRemoteSwiftPackageReference;
			repositoryURL = "https://github.com/Alamofire/AlamofireImage.git";
			requirement = {
				branch = master;
				kind = branch;
			};
		};
/* End XCRemoteSwiftPackageReference section */

/* Begin XCSwiftPackageProductDependency section */
		A040B87D27DB33F7007EA5AF /* Apollo */ = {
			isa = XCSwiftPackageProductDependency;
			package = A040B87C27DB33F7007EA5AF /* XCRemoteSwiftPackageReference "apollo-ios" */;
			productName = Apollo;
		};
		A040B88127DB3891007EA5AF /* SnapKit */ = {
			isa = XCSwiftPackageProductDependency;
			package = A040B87F27DB340A007EA5AF /* XCRemoteSwiftPackageReference "SnapKit" */;
			productName = SnapKit;
		};
		A040B89627DB6183007EA5AF /* AlamofireImage */ = {
			isa = XCSwiftPackageProductDependency;
			package = A040B89527DB6183007EA5AF /* XCRemoteSwiftPackageReference "AlamofireImage" */;
			productName = AlamofireImage;
		};
/* End XCSwiftPackageProductDependency section */
	};
	rootObject = A040B85527DB3206007EA5AF /* Project object */;
}
